
Microsoft Visual Studio Solution File, Format Version 12.00
# Visual Studio Version 17
VisualStudioVersion = 17.14.36518.9 d17.14
MinimumVisualStudioVersion = 10.0.40219.1
Project("{FAE04EC0-301F-11D3-BF4B-00C04F79EFBC}") = "ScreenStreamerServer", "ScreenStreamerServer\ScreenStreamerServer.csproj", "{F5113AC8-0686-4024-9609-36062861F342}"
EndProject
Global
	GlobalSection(SolutionConfigurationPlatforms) = preSolution
		Debug|Any CPU = Debug|Any CPU
		Release|Any CPU = Release|Any CPU
	EndGlobalSection
	GlobalSection(ProjectConfigurationPlatforms) = postSolution
		{F5113AC8-0686-4024-9609-36062861F342}.Debug|Any CPU.ActiveCfg = Debug|Any CPU
		{F5113AC8-0686-4024-9609-36062861F342}.Debug|Any CPU.Build.0 = Debug|Any CPU
		{F5113AC8-0686-4024-9609-36062861F342}.Release|Any CPU.ActiveCfg = Release|Any CPU
		{F5113AC8-0686-4024-9609-36062861F342}.Release|Any CPU.Build.0 = Release|Any CPU
	EndGlobalSection
	GlobalSection(SolutionProperties) = preSolution
		HideSolutionNode = FALSE
	EndGlobalSection
	GlobalSection(ExtensibilityGlobals) = postSolution
		SolutionGuid = {64C3EE73-92DE-4A34-AE7D-2980FAB981B3}
	EndGlobalSection
EndGlobal
